
Microsoft Visual Studio Solution File, Format Version 12.00
# Visual Studio Version 17
VisualStudioVersion = 17.0.32112.339
MinimumVisualStudioVersion = 10.0.40219.1
Project("{FAE04EC0-301F-11D3-BF4B-00C04F79EFBC}") = "MeanscriptEditor", "MeanscriptEditor\MeanscriptEditor.csproj", "{2EBE8F5D-E4FB-4677-B2F5-F7CE597B6B7C}"
EndProject
Project("{FAE04EC0-301F-11D3-BF4B-00C04F79EFBC}") = "Test", "Test\Test.csproj", "{16C7460D-7C79-4ACD-9EC4-B647A5F6F0C2}"
EndProject
Global
	GlobalSection(SolutionConfigurationPlatforms) = preSolution
		Debug|Any CPU = Debug|Any CPU
		Release|Any CPU = Release|Any CPU
	EndGlobalSection
	GlobalSection(ProjectConfigurationPlatforms) = postSolution
		{2EBE8F5D-E4FB-4677-B2F5-F7CE597B6B7C}.Debug|Any CPU.ActiveCfg = Debug|Any CPU
		{2EBE8F5D-E4FB-4677-B2F5-F7CE597B6B7C}.Debug|Any CPU.Build.0 = Debug|Any CPU
		{2EBE8F5D-E4FB-4677-B2F5-F7CE597B6B7C}.Release|Any CPU.ActiveCfg = Release|Any CPU
		{2EBE8F5D-E4FB-4677-B2F5-F7CE597B6B7C}.Release|Any CPU.Build.0 = Release|Any CPU
		{16C7460D-7C79-4ACD-9EC4-B647A5F6F0C2}.Debug|Any CPU.ActiveCfg = Debug|Any CPU
		{16C7460D-7C79-4ACD-9EC4-B647A5F6F0C2}.Debug|Any CPU.Build.0 = Debug|Any CPU
		{16C7460D-7C79-4ACD-9EC4-B647A5F6F0C2}.Release|Any CPU.ActiveCfg = Release|Any CPU
		{16C7460D-7C79-4ACD-9EC4-B647A5F6F0C2}.Release|Any CPU.Build.0 = Release|Any CPU
	EndGlobalSection
	GlobalSection(SolutionProperties) = preSolution
		HideSolutionNode = FALSE
	EndGlobalSection
	GlobalSection(ExtensibilityGlobals) = postSolution
		SolutionGuid = {C13CB921-FAEF-4046-A101-281E269AE182}
	EndGlobalSection
EndGlobal
